
Microsoft Visual Studio Solution File, Format Version 12.00
# Visual Studio Version 17
VisualStudioVersion = 17.14.37027.9 d17.14
MinimumVisualStudioVersion = 10.0.40219.1
Project("{888888A0-9F3D-457C-B088-3A5042F75D52}") = "маш.обуч", "маш.обуч\маш.обуч.pyproj", "{58A0A7DF-6E23-4EDD-AD09-FBA39F6E402B}"
EndProject
Global
	GlobalSection(SolutionConfigurationPlatforms) = preSolution
		Debug|Any CPU = Debug|Any CPU
		Release|Any CPU = Release|Any CPU
	EndGlobalSection
	GlobalSection(ProjectConfigurationPlatforms) = postSolution
		{58A0A7DF-6E23-4EDD-AD09-FBA39F6E402B}.Debug|Any CPU.ActiveCfg = Debug|Any CPU
		{58A0A7DF-6E23-4EDD-AD09-FBA39F6E402B}.Release|Any CPU.ActiveCfg = Release|Any CPU
	EndGlobalSection
	GlobalSection(SolutionProperties) = preSolution
		HideSolutionNode = FALSE
	EndGlobalSection
	GlobalSection(ExtensibilityGlobals) = postSolution
		SolutionGuid = {54385377-98C7-4156-807A-5A26F5D8A980}
	EndGlobalSection
EndGlobal
